
Microsoft Visual Studio Solution File, Format Version 12.00
# Visual Studio Version 16
VisualStudioVersion = 16.0.29215.179
MinimumVisualStudioVersion = 10.0.40219.1
Project("{9A19103F-16F7-4668-BE54-9A1E7A4F7556}") = "Cpu6502Emulator", "Cpu6502Emulator\Cpu6502Emulator.csproj", "{73CB7764-B78C-4042-AEDD-9BAB36DAE0A7}"
EndProject
Project("{FAE04EC0-301F-11D3-BF4B-00C04F79EFBC}") = "Cpu6502", "Cpu6502\Cpu6502.csproj", "{B524EAFF-709B-45E6-9B5C-6E830ED40401}"
EndProject
Global
	GlobalSection(SolutionConfigurationPlatforms) = preSolution
		Debug|Any CPU = Debug|Any CPU
		Release|Any CPU = Release|Any CPU
	EndGlobalSection
	GlobalSection(ProjectConfigurationPlatforms) = postSolution
		{73CB7764-B78C-4042-AEDD-9BAB36DAE0A7}.Debug|Any CPU.ActiveCfg = Debug|Any CPU
		{73CB7764-B78C-4042-AEDD-9BAB36DAE0A7}.Debug|Any CPU.Build.0 = Debug|Any CPU
		{73CB7764-B78C-4042-AEDD-9BAB36DAE0A7}.Release|Any CPU.ActiveCfg = Release|Any CPU
		{73CB7764-B78C-4042-AEDD-9BAB36DAE0A7}.Release|Any CPU.Build.0 = Release|Any CPU
		{B524EAFF-709B-45E6-9B5C-6E830ED40401}.Debug|Any CPU.ActiveCfg = Debug|Any CPU
		{B524EAFF-709B-45E6-9B5C-6E830ED40401}.Debug|Any CPU.Build.0 = Debug|Any CPU
		{B524EAFF-709B-45E6-9B5C-6E830ED40401}.Release|Any CPU.ActiveCfg = Release|Any CPU
		{B524EAFF-709B-45E6-9B5C-6E830ED40401}.Release|Any CPU.Build.0 = Release|Any CPU
	EndGlobalSection
	GlobalSection(SolutionProperties) = preSolution
		HideSolutionNode = FALSE
	EndGlobalSection
	GlobalSection(ExtensibilityGlobals) = postSolution
		SolutionGuid = {20EC3078-4026-4C4F-95B7-12C09FAD8A05}
	EndGlobalSection
EndGlobal
